// !$*UTF8*$!
{
	archiveVersion = 1;
	classes = {
	};
	objectVersion = 46;
	objects = {

/* Begin PBXBuildFile section */
		5C6588991CCE6B670074C4B6 /* Graph.cpp in Sources */ = {isa = PBXBuildFile; fileRef = 5C6588941CCE6B670074C4B6 /* Graph.cpp */; };
		5C65889A1CCE6B670074C4B6 /* main.cpp in Sources */ = {isa = PBXBuildFile; fileRef = 5C6588961CCE6B670074C4B6 /* main.cpp */; };
		5C65889B1CCE6B670074C4B6 /* Vertex.cpp in Sources */ = {isa = PBXBuildFile; fileRef = 5C6588971CCE6B670074C4B6 /* Vertex.cpp */; };
/* End PBXBuildFile section */

/* Begin PBXCopyFilesBuildPhase section */
		5CEB3B9B1CBEB322006998E9 /* CopyFiles */ = {
			isa = PBXCopyFilesBuildPhase;
			buildActionMask = 2147483647;
			dstPath = /usr/share/man/man1/;
			dstSubfolderSpec = 0;
			files = (
			);
			runOnlyForDeploymentPostprocessing = 1;
		};
/* End PBXCopyFilesBuildPhase section */

/* Begin PBXFileReference section */
		5C6588941CCE6B670074C4B6 /* Graph.cpp */ = {isa = PBXFileReference; fileEncoding = 4; lastKnownFileType = sourcecode.cpp.cpp; path = Graph.cpp; sourceTree = "<group>"; };
		5C6588951CCE6B670074C4B6 /* Graph.hpp */ = {isa = PBXFileReference; fileEncoding = 4; lastKnownFileType = sourcecode.cpp.h; path = Graph.hpp; sourceTree = "<group>"; };
		5C6588961CCE6B670074C4B6 /* main.cpp */ = {isa = PBXFileReference; fileEncoding = 4; lastKnownFileType = sourcecode.cpp.cpp; path = main.cpp; sourceTree = "<group>"; };
		5C6588971CCE6B670074C4B6 /* Vertex.cpp */ = {isa = PBXFileReference; fileEncoding = 4; lastKnownFileType = sourcecode.cpp.cpp; path = Vertex.cpp; sourceTree = "<group>"; };
		5C6588981CCE6B670074C4B6 /* Vertex.hpp */ = {isa = PBXFileReference; fileEncoding = 4; lastKnownFileType = sourcecode.cpp.h; path = Vertex.hpp; sourceTree = "<group>"; };
		5CBEBA941CC793E9009A63C3 /* graph34.txt */ = {isa = PBXFileReference; fileEncoding = 4; lastKnownFileType = text; path = graph34.txt; sourceTree = "<group>"; };
		5CEB3B9D1CBEB322006998E9 /* GraphTheory */ = {isa = PBXFileReference; explicitFileType = "compiled.mach-o.executable"; includeInIndex = 0; path = GraphTheory; sourceTree = BUILT_PRODUCTS_DIR; };
		5CF8188B1CD0B36E00F8FCD6 /* onlinetest.txt */ = {isa = PBXFileReference; fileEncoding = 4; lastKnownFileType = text; path = onlinetest.txt; sourceTree = "<group>"; };
		5CF9C0A11CC2AEE300D6EDB9 /* graph15.txt */ = {isa = PBXFileReference; fileEncoding = 4; lastKnownFileType = text; path = graph15.txt; sourceTree = "<group>"; };
		5CF9C0A21CC2AEE300D6EDB9 /* graph25.txt */ = {isa = PBXFileReference; fileEncoding = 4; lastKnownFileType = text; path = graph25.txt; sourceTree = "<group>"; };
/* End PBXFileReference section */

/* Begin PBXFrameworksBuildPhase section */
		5CEB3B9A1CBEB322006998E9 /* Frameworks */ = {
			isa = PBXFrameworksBuildPhase;
			buildActionMask = 2147483647;
			files = (
			);
			runOnlyForDeploymentPostprocessing = 0;
		};
/* End PBXFrameworksBuildPhase section */

/* Begin PBXGroup section */
		5C6588921CCE6B4D0074C4B6 /* src */ = {
			isa = PBXGroup;
			children = (
				5C6588941CCE6B670074C4B6 /* Graph.cpp */,
				5C6588951CCE6B670074C4B6 /* Graph.hpp */,
				5C6588961CCE6B670074C4B6 /* main.cpp */,
				5C6588971CCE6B670074C4B6 /* Vertex.cpp */,
				5C6588981CCE6B670074C4B6 /* Vertex.hpp */,
			);
			path = src;
			sourceTree = "<group>";
		};
		5CEB3B941CBEB322006998E9 = {
			isa = PBXGroup;
			children = (
				5C6588921CCE6B4D0074C4B6 /* src */,
				5CEB3B9E1CBEB322006998E9 /* Products */,
				5CEB3BAE1CBEB4B9006998E9 /* Data */,
			);
			sourceTree = "<group>";
		};
		5CEB3B9E1CBEB322006998E9 /* Products */ = {
			isa = PBXGroup;
			children = (
				5CEB3B9D1CBEB322006998E9 /* GraphTheory */,
			);
			name = Products;
			sourceTree = "<group>";
		};
		5CEB3BAE1CBEB4B9006998E9 /* Data */ = {
			isa = PBXGroup;
			children = (
				5CF9C0A11CC2AEE300D6EDB9 /* graph15.txt */,
				5CF9C0A21CC2AEE300D6EDB9 /* graph25.txt */,
				5CBEBA941CC793E9009A63C3 /* graph34.txt */,
				5CF8188B1CD0B36E00F8FCD6 /* onlinetest.txt */,
			);
			name = Data;
			path = Build/Products/Debug;
			sourceTree = "<group>";
		};
/* End PBXGroup section */

/* Begin PBXNativeTarget section */
		5CEB3B9C1CBEB322006998E9 /* GraphTheory */ = {
			isa = PBXNativeTarget;
			buildConfigurationList = 5CEB3BA41CBEB322006998E9 /* Build configuration list for PBXNativeTarget "GraphTheory" */;
			buildPhases = (
				5CEB3B991CBEB322006998E9 /* Sources */,
				5CEB3B9A1CBEB322006998E9 /* Frameworks */,
				5CEB3B9B1CBEB322006998E9 /* CopyFiles */,
			);
			buildRules = (
			);
			dependencies = (
			);
			name = GraphTheory;
			productName = ProgrammingExcercise;
			productReference = 5CEB3B9D1CBEB322006998E9 /* GraphTheory */;
			productType = "com.apple.product-type.tool";
		};
/* End PBXNativeTarget section */

/* Begin PBXProject section */
		5CEB3B951CBEB322006998E9 /* Project object */ = {
			isa = PBXProject;
			attributes = {
				LastUpgradeCheck = 0730;
				ORGANIZATIONNAME = "Paavo Becker";
				TargetAttributes = {
					5CEB3B9C1CBEB322006998E9 = {
						CreatedOnToolsVersion = 7.3;
					};
				};
			};
			buildConfigurationList = 5CEB3B981CBEB322006998E9 /* Build configuration list for PBXProject "GraphTheory" */;
			compatibilityVersion = "Xcode 3.2";
			developmentRegion = English;
			hasScannedForEncodings = 0;
			knownRegions = (
				en,
			);
			mainGroup = 5CEB3B941CBEB322006998E9;
			productRefGroup = 5CEB3B9E1CBEB322006998E9 /* Products */;
			projectDirPath = "";
			projectRoot = "";
			targets = (
				5CEB3B9C1CBEB322006998E9 /* GraphTheory */,
			);
		};
/* End PBXProject section */

/* Begin PBXSourcesBuildPhase section */
		5CEB3B991CBEB322006998E9 /* Sources */ = {
			isa = PBXSourcesBuildPhase;
			buildActionMask = 2147483647;
			files = (
				5C65889B1CCE6B670074C4B6 /* Vertex.cpp in Sources */,
				5C65889A1CCE6B670074C4B6 /* main.cpp in Sources */,
				5C6588991CCE6B670074C4B6 /* Graph.cpp in Sources */,
			);
			runOnlyForDeploymentPostprocessing = 0;
		};
/* End PBXSourcesBuildPhase section */

/* Begin XCBuildConfiguration section */
		5CEB3BA21CBEB322006998E9 /* Debug */ = {
			isa = XCBuildConfiguration;
			buildSettings = {
				ALWAYS_SEARCH_USER_PATHS = NO;
				CLANG_ANALYZER_NONNULL = YES;
				CLANG_CXX_LANGUAGE_STANDARD = "gnu++0x";
				CLANG_CXX_LIBRARY = "libc++";
				CLANG_ENABLE_MODULES = YES;
				CLANG_ENABLE_OBJC_ARC = YES;
				CLANG_WARN_BOOL_CONVERSION = YES;
				CLANG_WARN_CONSTANT_CONVERSION = YES;
				CLANG_WARN_DIRECT_OBJC_ISA_USAGE = YES_ERROR;
				CLANG_WARN_EMPTY_BODY = YES;
				CLANG_WARN_ENUM_CONVERSION = YES;
				CLANG_WARN_INT_CONVERSION = YES;
				CLANG_WARN_OBJC_ROOT_CLASS = YES_ERROR;
				CLANG_WARN_UNREACHABLE_CODE = YES;
				CLANG_WARN__DUPLICATE_METHOD_MATCH = YES;
				CODE_SIGN_IDENTITY = "-";
				COPY_PHASE_STRIP = NO;
				DEBUG_INFORMATION_FORMAT = dwarf;
				ENABLE_STRICT_OBJC_MSGSEND = YES;
				ENABLE_TESTABILITY = YES;
				GCC_C_LANGUAGE_STANDARD = gnu99;
				GCC_DYNAMIC_NO_PIC = NO;
				GCC_NO_COMMON_BLOCKS = YES;
				GCC_OPTIMIZATION_LEVEL = 0;
				GCC_PREPROCESSOR_DEFINITIONS = (
					"DEBUG=1",
					"$(inherited)",
				);
				GCC_WARN_64_TO_32_BIT_CONVERSION = YES;
				GCC_WARN_ABOUT_RETURN_TYPE = YES_ERROR;
				GCC_WARN_UNDECLARED_SELECTOR = YES;
				GCC_WARN_UNINITIALIZED_AUTOS = YES_AGGRESSIVE;
				GCC_WARN_UNUSED_FUNCTION = YES;
				GCC_WARN_UNUSED_VARIABLE = YES;
				MACOSX_DEPLOYMENT_TARGET = 10.11;
				MTL_ENABLE_DEBUG_INFO = YES;
				ONLY_ACTIVE_ARCH = YES;
				SDKROOT = macosx;
			};
			name = Debug;
		};
		5CEB3BA31CBEB322006998E9 /* Release */ = {
			isa = XCBuildConfiguration;
			buildSettings = {
				ALWAYS_SEARCH_USER_PATHS = NO;
				CLANG_ANALYZER_NONNULL = YES;
				CLANG_CXX_LANGUAGE_STANDARD = "gnu++0x";
				CLANG_CXX_LIBRARY = "libc++";
				CLANG_ENABLE_MODULES = YES;
				CLANG_ENABLE_OBJC_ARC = YES;
				CLANG_WARN_BOOL_CONVERSION = YES;
				CLANG_WARN_CONSTANT_CONVERSION = YES;
				CLANG_WARN_DIRECT_OBJC_ISA_USAGE = YES_ERROR;
				CLANG_WARN_EMPTY_BODY = YES;
				CLANG_WARN_ENUM_CONVERSION = YES;
				CLANG_WARN_INT_CONVERSION = YES;
				CLANG_WARN_OBJC_ROOT_CLASS = YES_ERROR;
				CLANG_WARN_UNREACHABLE_CODE = YES;
				CLANG_WARN__DUPLICATE_METHOD_MATCH = YES;
				CODE_SIGN_IDENTITY = "-";
				COPY_PHASE_STRIP = NO;
				DEBUG_INFORMATION_FORMAT = "dwarf-with-dsym";
				ENABLE_NS_ASSERTIONS = NO;
				ENABLE_STRICT_OBJC_MSGSEND = YES;
				GCC_C_LANGUAGE_STANDARD = gnu99;
				GCC_NO_COMMON_BLOCKS = YES;
				GCC_WARN_64_TO_32_BIT_CONVERSION = YES;
				GCC_WARN_ABOUT_RETURN_TYPE = YES_ERROR;
				GCC_WARN_UNDECLARED_SELECTOR = YES;
				GCC_WARN_UNINITIALIZED_AUTOS = YES_AGGRESSIVE;
				GCC_WARN_UNUSED_FUNCTION = YES;
				GCC_WARN_UNUSED_VARIABLE = YES;
				MACOSX_DEPLOYMENT_TARGET = 10.11;
				MTL_ENABLE_DEBUG_INFO = NO;
				SDKROOT = macosx;
			};
			name = Release;
		};
		5CEB3BA51CBEB322006998E9 /* Debug */ = {
			isa = XCBuildConfiguration;
			buildSettings = {
				PRODUCT_NAME = GraphTheory;
			};
			name = Debug;
		};
		5CEB3BA61CBEB322006998E9 /* Release */ = {
			isa = XCBuildConfiguration;
			buildSettings = {
				PRODUCT_NAME = GraphTheory;
			};
			name = Release;
		};
/* End XCBuildConfiguration section */

/* Begin XCConfigurationList section */
		5CEB3B981CBEB322006998E9 /* Build configuration list for PBXProject "GraphTheory" */ = {
			isa = XCConfigurationList;
			buildConfigurations = (
				5CEB3BA21CBEB322006998E9 /* Debug */,
				5CEB3BA31CBEB322006998E9 /* Release */,
			);
			defaultConfigurationIsVisible = 0;
			defaultConfigurationName = Release;
		};
		5CEB3BA41CBEB322006998E9 /* Build configuration list for PBXNativeTarget "GraphTheory" */ = {
			isa = XCConfigurationList;
			buildConfigurations = (
				5CEB3BA51CBEB322006998E9 /* Debug */,
				5CEB3BA61CBEB322006998E9 /* Release */,
			);
			defaultConfigurationIsVisible = 0;
			defaultConfigurationName = Release;
		};
/* End XCConfigurationList section */
	};
	rootObject = 5CEB3B951CBEB322006998E9 /* Project object */;
}
